<?xml version="1.0" encoding="utf-8"?>
<Project ToolsVersion="4.0" xmlns="http://schemas.microsoft.com/developer/msbuild/2003">
  <ItemGroup>
    <Filter Include="Исходные файлы">
      <UniqueIdentifier>{4FC737F1-C7A5-4376-A066-2A32D752A2FF}</UniqueIdentifier>
      <Extensions>cpp;c;cc;cxx;c++;cppm;ixx;def;odl;idl;hpj;bat;asm;asmx</Extensions>
    </Filter>
    <Filter Include="Файлы заголовков">
      <UniqueIdentifier>{93995380-89BD-4b04-88EB-625FBE52EBFB}</UniqueIdentifier>
      <Extensions>h;hh;hpp;hxx;h++;hm;inl;inc;ipp;xsd</Extensions>
    </Filter>
    <Filter Include="Файлы ресурсов">
      <UniqueIdentifier>{67DA6AB6-F800-4c08-8B7A-83BB121AAD01}</UniqueIdentifier>
      <Extensions>rc;ico;cur;bmp;dlg;rc2;rct;bin;rgs;gif;jpg;jpeg;jpe;resx;tiff;tif;png;wav;mfcribbon-ms</Extensions>
    </Filter>
    <Filter Include="Исходные файлы\GameSolver">
      <UniqueIdentifier>{8586995f-20ad-49ee-8835-b30452079024}</UniqueIdentifier>
    </Filter>
    <Filter Include="Файлы заголовков\GameSolver">
      <UniqueIdentifier>{295d58d6-2279-40c2-84e0-6000609a19fa}</UniqueIdentifier>
    </Filter>
    <Filter Include="Файлы заголовков\GameAi">
      <UniqueIdentifier>{18452039-18ce-4f6e-81b2-5651e3ec00c5}</UniqueIdentifier>
    </Filter>
    <Filter Include="Файлы заголовков\GameCore">
      <UniqueIdentifier>{86a79d93-ffa2-411a-9d19-1dd20a9f9ccb}</UniqueIdentifier>
    </Filter>
    <Filter Include="Исходные файлы\GameAi">
      <UniqueIdentifier>{6fa6077e-4401-42e5-ab35-154309bab273}</UniqueIdentifier>
    </Filter>
    <Filter Include="Исходные файлы\GameCore">
      <UniqueIdentifier>{10284519-a356-4d4c-8ec3-d38c7b975c79}</UniqueIdentifier>
    </Filter>
    <Filter Include="Исходные файлы\Utils">
      <UniqueIdentifier>{1e0179dc-c78d-4203-90a7-7b80df692674}</UniqueIdentifier>
    </Filter>
    <Filter Include="Файлы заголовков\Utils">
      <UniqueIdentifier>{fe3c897b-dfda-4bb4-8f17-89f4a5236153}</UniqueIdentifier>
    </Filter>
  </ItemGroup>
  <ItemGroup>
    <ClCompile Include="main.cpp">
      <Filter>Исходные файлы</Filter>
    </ClCompile>
    <ClCompile Include="sourse\Player.cpp">
      <Filter>Исходные файлы</Filter>
    </ClCompile>
    <ClCompile Include="sourse\Game.cpp">
      <Filter>Исходные файлы</Filter>
    </ClCompile>
    <ClCompile Include="sourse\GameAi\EasyAI.cpp">
      <Filter>Исходные файлы\GameAi</Filter>
    </ClCompile>
    <ClCompile Include="sourse\GameCore\GameField.cpp">
      <Filter>Исходные файлы\GameCore</Filter>
    </ClCompile>
    <ClCompile Include="sourse\GameSolver\SolveGraph.cpp">
      <Filter>Исходные файлы\GameSolver</Filter>
    </ClCompile>
    <ClCompile Include="sourse\GameSolver\GraphRel.cpp">
      <Filter>Исходные файлы\GameSolver</Filter>
    </ClCompile>
    <ClCompile Include="sourse\Utils\Utils.cpp">
      <Filter>Исходные файлы\Utils</Filter>
    </ClCompile>
    <ClCompile Include="sourse\GameAi\NormalAI.cpp">
      <Filter>Исходные файлы\GameAi</Filter>
    </ClCompile>
    <ClCompile Include="sourse\GameAi\HardAI.cpp">
      <Filter>Исходные файлы\GameAi</Filter>
    </ClCompile>
    <ClCompile Include="sourse\GameAi\SolveGraphAI.cpp">
      <Filter>Исходные файлы\GameAi</Filter>
    </ClCompile>
  </ItemGroup>
  <ItemGroup>
    <ClInclude Include="headers\Player.h">
      <Filter>Файлы заголовков</Filter>
    </ClInclude>
    <ClInclude Include="headers\Game.h">
      <Filter>Файлы заголовков</Filter>
    </ClInclude>
    <ClInclude Include="headers\GameAi\AIModes.h">
      <Filter>Файлы заголовков\GameAi</Filter>
    </ClInclude>
    <ClInclude Include="headers\GameAi\EasyAI.h">
      <Filter>Файлы заголовков\GameAi</Filter>
    </ClInclude>
    <ClInclude Include="headers\GameCore\GameField.h">
      <Filter>Файлы заголовков\GameCore</Filter>
    </ClInclude>
    <ClInclude Include="headers\GameCore\GamePlayer.h">
      <Filter>Файлы заголовков\GameCore</Filter>
    </ClInclude>
    <ClInclude Include="headers\GameCore\GameState.h">
      <Filter>Файлы заголовков\GameCore</Filter>
    </ClInclude>
    <ClInclude Include="headers\GameSolver\SolveGraph.h">
      <Filter>Файлы заголовков\GameSolver</Filter>
    </ClInclude>
    <ClInclude Include="headers\GameSolver\GraphRel.h">
      <Filter>Файлы заголовков\GameSolver</Filter>
    </ClInclude>
    <ClInclude Include="headers\Utils.h">
      <Filter>Файлы заголовков\Utils</Filter>
    </ClInclude>
    <ClInclude Include="headers\GameAi\NormalAI.h">
      <Filter>Файлы заголовков\GameAi</Filter>
    </ClInclude>
    <ClInclude Include="headers\GameAi\HardAI.h">
      <Filter>Файлы заголовков\GameAi</Filter>
    </ClInclude>
    <ClInclude Include="headers\GameAi\SolveGraphAI.h">
      <Filter>Файлы заголовков\GameAi</Filter>
    </ClInclude>
  </ItemGroup>
</Project>